# THIS IS AN AUTOGENERATED FILE. DO NOT EDIT THIS FILE DIRECTLY.
# yarn lockfile v1


primeflex@^3.1.0:
  version "3.1.0"
  resolved "https://registry.yarnpkg.com/primeflex/-/primeflex-3.1.0.tgz#2beef527e788981b823e5969752a87d7b72447ee"
  integrity sha512-q8QutEO59eu79nJVyMFDcpdokiCIk79Rn6Y9NwxpiIp5rxRjNCacH2N7gM+ondQjvYnuj6LLOK8dEVx1J2i7Lw==

primeicons@^5.0.0:
  version "5.0.0"
  resolved "https://registry.yarnpkg.com/primeicons/-/primeicons-5.0.0.tgz#73a0b6028a77c58a9eeb331ad13aaf085e8451ee"
  integrity sha512-heygWF0X5HFI1otlZE62pp6ye7sZ8om78J9au2BRkg8O7Y8AHTZ9qKMRzchZUHLe8zUAvdi6hZzzm9XxgwIExw==

primeng@^12.2.2:
  version "12.2.2"
  resolved "https://registry.yarnpkg.com/primeng/-/primeng-12.2.2.tgz#2e8d687eb3f4475f8e1f1f461def0314670f93c7"
  integrity sha512-PB2kZzwhAb3M5nQXe1hUfsBGXAbhGcf/NVwg8mp4P5JETJ4nAGgixNPPGjBdmFW6l8QzmlsAVb3nMF+rPaZH4g==
  dependencies:
    tslib "^2.1.0"

tslib@^2.1.0:
  version "2.3.1"
  resolved "https://registry.yarnpkg.com/tslib/-/tslib-2.3.1.tgz#e8a335add5ceae51aa261d32a490158ef042ef01"
  integrity sha512-77EbyPPpMz+FRFRuAFlWMtmgUWGe9UOG2Z25NqCwiIjRhOf5iKGuzSe5P2w1laq+FkRy4p+PCuVkJSGkzTEKVw==
